Microsoft Visual Studio Solution File, Format Version 11.00
# Visual Studio 2008

Project("{90095236-F22A-0500-355E-A161DC59AB78}") = "2d Platformer", "Assembly-CSharp-firstpass.csproj", "{042A12D8-A22F-503A-4AD0-35A58E69290C}"
EndProject
Project("{90095236-F22A-0500-355E-A161DC59AB78}") = "2d Platformer", "Assembly-CSharp.csproj", "{AA78C43C-DD6C-C0FC-0C43-50890F7A99F0}"
EndProject
Project("{90095236-F22A-0500-355E-A161DC59AB78}") = "2d Platformer", "Assembly-CSharp-Editor.csproj", "{03817EF8-6946-0199-20FC-DB0E7266BF2B}"
EndProject
Global
	GlobalSection(SolutionConfigurationPlatforms) = preSolution
		Debug|Any CPU = Debug|Any CPU
		Release|Any CPU = Release|Any CPU
	EndGlobalSection
	GlobalSection(ProjectConfigurationPlatforms) = postSolution
		{042A12D8-A22F-503A-4AD0-35A58E69290C}.Debug|Any CPU.ActiveCfg = Debug|Any CPU
		{042A12D8-A22F-503A-4AD0-35A58E69290C}.Debug|Any CPU.Build.0 = Debug|Any CPU
		{042A12D8-A22F-503A-4AD0-35A58E69290C}.Release|Any CPU.ActiveCfg = Release|Any CPU
		{042A12D8-A22F-503A-4AD0-35A58E69290C}.Release|Any CPU.Build.0 = Release|Any CPU
		{AA78C43C-DD6C-C0FC-0C43-50890F7A99F0}.Debug|Any CPU.ActiveCfg = Debug|Any CPU
		{AA78C43C-DD6C-C0FC-0C43-50890F7A99F0}.Debug|Any CPU.Build.0 = Debug|Any CPU
		{AA78C43C-DD6C-C0FC-0C43-50890F7A99F0}.Release|Any CPU.ActiveCfg = Release|Any CPU
		{AA78C43C-DD6C-C0FC-0C43-50890F7A99F0}.Release|Any CPU.Build.0 = Release|Any CPU
		{03817EF8-6946-0199-20FC-DB0E7266BF2B}.Debug|Any CPU.ActiveCfg = Debug|Any CPU
		{03817EF8-6946-0199-20FC-DB0E7266BF2B}.Debug|Any CPU.Build.0 = Debug|Any CPU
		{03817EF8-6946-0199-20FC-DB0E7266BF2B}.Release|Any CPU.ActiveCfg = Release|Any CPU
		{03817EF8-6946-0199-20FC-DB0E7266BF2B}.Release|Any CPU.Build.0 = Release|Any CPU
	EndGlobalSection
	GlobalSection(SolutionProperties) = preSolution
		HideSolutionNode = FALSE
	EndGlobalSection
	GlobalSection(MonoDevelopProperties) = preSolution
		StartupItem = Assembly-CSharp.csproj
	EndGlobalSection
EndGlobal
